// !$*UTF8*$!
{
	archiveVersion = 1;
	classes = {
	};
	objectVersion = 50;
	objects = {

/* Begin PBXBuildFile section */
		8C1FD9C920ECB4BF00D4588F /* AppDelegate.swift in Sources */ = {isa = PBXBuildFile; fileRef = 8C1FD9C820ECB4BF00D4588F /* AppDelegate.swift */; };
		8C1FD9CB20ECB4BF00D4588F /* ViewController.swift in Sources */ = {isa = PBXBuildFile; fileRef = 8C1FD9CA20ECB4BF00D4588F /* ViewController.swift */; };
		8C1FD9CE20ECB4BF00D4588F /* Main.storyboard in Resources */ = {isa = PBXBuildFile; fileRef = 8C1FD9CC20ECB4BF00D4588F /* Main.storyboard */; };
		8C1FD9D020ECB4C300D4588F /* Assets.xcassets in Resources */ = {isa = PBXBuildFile; fileRef = 8C1FD9CF20ECB4C300D4588F /* Assets.xcassets */; };
		8C1FD9D320ECB4C300D4588F /* LaunchScreen.storyboard in Resources */ = {isa = PBXBuildFile; fileRef = 8C1FD9D120ECB4C300D4588F /* LaunchScreen.storyboard */; };
		8C1FD9DB20ECB4F500D4588F /* CXEImagesToVideo.swift in Sources */ = {isa = PBXBuildFile; fileRef = 8C1FD9DA20ECB4F500D4588F /* CXEImagesToVideo.swift */; };
/* End PBXBuildFile section */

/* Begin PBXFileReference section */
		8C1FD9C520ECB4BF00D4588F /* VideoRecorder.app */ = {isa = PBXFileReference; explicitFileType = wrapper.application; includeInIndex = 0; path = VideoRecorder.app; sourceTree = BUILT_PRODUCTS_DIR; };
		8C1FD9C820ECB4BF00D4588F /* AppDelegate.swift */ = {isa = PBXFileReference; lastKnownFileType = sourcecode.swift; path = AppDelegate.swift; sourceTree = "<group>"; };
		8C1FD9CA20ECB4BF00D4588F /* ViewController.swift */ = {isa = PBXFileReference; lastKnownFileType = sourcecode.swift; path = ViewController.swift; sourceTree = "<group>"; };
		8C1FD9CD20ECB4BF00D4588F /* Base */ = {isa = PBXFileReference; lastKnownFileType = file.storyboard; name = Base; path = Base.lproj/Main.storyboard; sourceTree = "<group>"; };
		8C1FD9CF20ECB4C300D4588F /* Assets.xcassets */ = {isa = PBXFileReference; lastKnownFileType = folder.assetcatalog; path = Assets.xcassets; sourceTree = "<group>"; };
		8C1FD9D220ECB4C300D4588F /* Base */ = {isa = PBXFileReference; lastKnownFileType = file.storyboard; name = Base; path = Base.lproj/LaunchScreen.storyboard; sourceTree = "<group>"; };
		8C1FD9D420ECB4C300D4588F /* Info.plist */ = {isa = PBXFileReference; lastKnownFileType = text.plist.xml; path = Info.plist; sourceTree = "<group>"; };
		8C1FD9DA20ECB4F500D4588F /* CXEImagesToVideo.swift */ = {isa = PBXFileReference; fileEncoding = 4; lastKnownFileType = sourcecode.swift; path = CXEImagesToVideo.swift; sourceTree = "<group>"; };
/* End PBXFileReference section */

/* Begin PBXFrameworksBuildPhase section */
		8C1FD9C220ECB4BF00D4588F /* Frameworks */ = {
			isa = PBXFrameworksBuildPhase;
			buildActionMask = 2147483647;
			files = (
			);
			runOnlyForDeploymentPostprocessing = 0;
		};
/* End PBXFrameworksBuildPhase section */

/* Begin PBXGroup section */
		8C1FD9BC20ECB4BF00D4588F = {
			isa = PBXGroup;
			children = (
				8C1FD9C720ECB4BF00D4588F /* VideoRecorder */,
				8C1FD9C620ECB4BF00D4588F /* Products */,
			);
			sourceTree = "<group>";
		};
		8C1FD9C620ECB4BF00D4588F /* Products */ = {
			isa = PBXGroup;
			children = (
				8C1FD9C520ECB4BF00D4588F /* VideoRecorder.app */,
			);
			name = Products;
			sourceTree = "<group>";
		};
		8C1FD9C720ECB4BF00D4588F /* VideoRecorder */ = {
			isa = PBXGroup;
			children = (
				8C1FD9DA20ECB4F500D4588F /* CXEImagesToVideo.swift */,
				8C1FD9C820ECB4BF00D4588F /* AppDelegate.swift */,
				8C1FD9CA20ECB4BF00D4588F /* ViewController.swift */,
				8C1FD9CC20ECB4BF00D4588F /* Main.storyboard */,
				8C1FD9CF20ECB4C300D4588F /* Assets.xcassets */,
				8C1FD9D120ECB4C300D4588F /* LaunchScreen.storyboard */,
				8C1FD9D420ECB4C300D4588F /* Info.plist */,
			);
			path = VideoRecorder;
			sourceTree = "<group>";
		};
/* End PBXGroup section */

/* Begin PBXNativeTarget section */
		8C1FD9C420ECB4BF00D4588F /* VideoRecorder */ = {
			isa = PBXNativeTarget;
			buildConfigurationList = 8C1FD9D720ECB4C300D4588F /* Build configuration list for PBXNativeTarget "VideoRecorder" */;
			buildPhases = (
				8C1FD9C120ECB4BF00D4588F /* Sources */,
				8C1FD9C220ECB4BF00D4588F /* Frameworks */,
				8C1FD9C320ECB4BF00D4588F /* Resources */,
			);
			buildRules = (
			);
			dependencies = (
			);
			name = VideoRecorder;
			productName = VideoRecorder;
			productReference = 8C1FD9C520ECB4BF00D4588F /* VideoRecorder.app */;
			productType = "com.apple.product-type.application";
		};
/* End PBXNativeTarget section */

/* Begin PBXProject section */
		8C1FD9BD20ECB4BF00D4588F /* Project object */ = {
			isa = PBXProject;
			attributes = {
				LastSwiftUpdateCheck = 0940;
				LastUpgradeCheck = 0940;
				ORGANIZATIONNAME = "Ricardo Castellanos Herreros";
				TargetAttributes = {
					8C1FD9C420ECB4BF00D4588F = {
						CreatedOnToolsVersion = 9.4.1;
					};
				};
			};
			buildConfigurationList = 8C1FD9C020ECB4BF00D4588F /* Build configuration list for PBXProject "VideoRecorder" */;
			compatibilityVersion = "Xcode 9.3";
			developmentRegion = en;
			hasScannedForEncodings = 0;
			knownRegions = (
				en,
				Base,
			);
			mainGroup = 8C1FD9BC20ECB4BF00D4588F;
			productRefGroup = 8C1FD9C620ECB4BF00D4588F /* Products */;
			projectDirPath = "";
			projectRoot = "";
			targets = (
				8C1FD9C420ECB4BF00D4588F /* VideoRecorder */,
			);
		};
/* End PBXProject section */

/* Begin PBXResourcesBuildPhase section */
		8C1FD9C320ECB4BF00D4588F /* Resources */ = {
			isa = PBXResourcesBuildPhase;
			buildActionMask = 2147483647;
			files = (
				8C1FD9D320ECB4C300D4588F /* LaunchScreen.storyboard in Resources */,
				8C1FD9D020ECB4C300D4588F /* Assets.xcassets in Resources */,
				8C1FD9CE20ECB4BF00D4588F /* Main.storyboard in Resources */,
			);
			runOnlyForDeploymentPostprocessing = 0;
		};
/* End PBXResourcesBuildPhase section */

/* Begin PBXSourcesBuildPhase section */
		8C1FD9C120ECB4BF00D4588F /* Sources */ = {
			isa = PBXSourcesBuildPhase;
			buildActionMask = 2147483647;
			files = (
				8C1FD9CB20ECB4BF00D4588F /* ViewController.swift in Sources */,
				8C1FD9DB20ECB4F500D4588F /* CXEImagesToVideo.swift in Sources */,
				8C1FD9C920ECB4BF00D4588F /* AppDelegate.swift in Sources */,
			);
			runOnlyForDeploymentPostprocessing = 0;
		};
/* End PBXSourcesBuildPhase section */

/* Begin PBXVariantGroup section */
		8C1FD9CC20ECB4BF00D4588F /* Main.storyboard */ = {
			isa = PBXVariantGroup;
			children = (
				8C1FD9CD20ECB4BF00D4588F /* Base */,
			);
			name = Main.storyboard;
			sourceTree = "<group>";
		};
		8C1FD9D120ECB4C300D4588F /* LaunchScreen.storyboard */ = {
			isa = PBXVariantGroup;
			children = (
				8C1FD9D220ECB4C300D4588F /* Base */,
			);
			name = LaunchScreen.storyboard;
			sourceTree = "<group>";
		};
/* End PBXVariantGroup section */

/* Begin XCBuildConfiguration section */
		8C1FD9D520ECB4C300D4588F /* Debug */ = {
			isa = XCBuildConfiguration;
			buildSettings = {
				ALWAYS_SEARCH_USER_PATHS = NO;
				CLANG_ANALYZER_NONNULL = YES;
				CLANG_ANALYZER_NUMBER_OBJECT_CONVERSION = YES_AGGRESSIVE;
				CLANG_CXX_LANGUAGE_STANDARD = "gnu++14";
				CLANG_CXX_LIBRARY = "libc++";
				CLANG_ENABLE_MODULES = YES;
				CLANG_ENABLE_OBJC_ARC = YES;
				CLANG_ENABLE_OBJC_WEAK = YES;
				CLANG_WARN_BLOCK_CAPTURE_AUTORELEASING = YES;
				CLANG_WARN_BOOL_CONVERSION = YES;
				CLANG_WARN_COMMA = YES;
				CLANG_WARN_CONSTANT_CONVERSION = YES;
				CLANG_WARN_DEPRECATED_OBJC_IMPLEMENTATIONS = YES;
				CLANG_WARN_DIRECT_OBJC_ISA_USAGE = YES_ERROR;
				CLANG_WARN_DOCUMENTATION_COMMENTS = YES;
				CLANG_WARN_EMPTY_BODY = YES;
				CLANG_WARN_ENUM_CONVERSION = YES;
				CLANG_WARN_INFINITE_RECURSION = YES;
				CLANG_WARN_INT_CONVERSION = YES;
				CLANG_WARN_NON_LITERAL_NULL_CONVERSION = YES;
				CLANG_WARN_OBJC_IMPLICIT_RETAIN_SELF = YES;
				CLANG_WARN_OBJC_LITERAL_CONVERSION = YES;
				CLANG_WARN_OBJC_ROOT_CLASS = YES_ERROR;
				CLANG_WARN_RANGE_LOOP_ANALYSIS = YES;
				CLANG_WARN_STRICT_PROTOTYPES = YES;
				CLANG_WARN_SUSPICIOUS_MOVE = YES;
				CLANG_WARN_UNGUARDED_AVAILABILITY = YES_AGGRESSIVE;
				CLANG_WARN_UNREACHABLE_CODE = YES;
				CLANG_WARN__DUPLICATE_METHOD_MATCH = YES;
				CODE_SIGN_IDENTITY = "iPhone Developer";
				COPY_PHASE_STRIP = NO;
				DEBUG_INFORMATION_FORMAT = dwarf;
				ENABLE_STRICT_OBJC_MSGSEND = YES;
				ENABLE_TESTABILITY = YES;
				GCC_C_LANGUAGE_STANDARD = gnu11;
				GCC_DYNAMIC_NO_PIC = NO;
				GCC_NO_COMMON_BLOCKS = YES;
				GCC_OPTIMIZATION_LEVEL = 0;
				GCC_PREPROCESSOR_DEFINITIONS = (
					"DEBUG=1",
					"$(inherited)",
				);
				GCC_WARN_64_TO_32_BIT_CONVERSION = YES;
				GCC_WARN_ABOUT_RETURN_TYPE = YES_ERROR;
				GCC_WARN_UNDECLARED_SELECTOR = YES;
				GCC_WARN_UNINITIALIZED_AUTOS = YES_AGGRESSIVE;
				GCC_WARN_UNUSED_FUNCTION = YES;
				GCC_WARN_UNUSED_VARIABLE = YES;
				IPHONEOS_DEPLOYMENT_TARGET = 11.4;
				MTL_ENABLE_DEBUG_INFO = YES;
				ONLY_ACTIVE_ARCH = YES;
				SDKROOT = iphoneos;
				SWIFT_ACTIVE_COMPILATION_CONDITIONS = DEBUG;
				SWIFT_OPTIMIZATION_LEVEL = "-Onone";
			};
			name = Debug;
		};
		8C1FD9D620ECB4C300D4588F /* Release */ = {
			isa = XCBuildConfiguration;
			buildSettings = {
				ALWAYS_SEARCH_USER_PATHS = NO;
				CLANG_ANALYZER_NONNULL = YES;
				CLANG_ANALYZER_NUMBER_OBJECT_CONVERSION = YES_AGGRESSIVE;
				CLANG_CXX_LANGUAGE_STANDARD = "gnu++14";
				CLANG_CXX_LIBRARY = "libc++";
				CLANG_ENABLE_MODULES = YES;
				CLANG_ENABLE_OBJC_ARC = YES;
				CLANG_ENABLE_OBJC_WEAK = YES;
				CLANG_WARN_BLOCK_CAPTURE_AUTORELEASING = YES;
				CLANG_WARN_BOOL_CONVERSION = YES;
				CLANG_WARN_COMMA = YES;
				CLANG_WARN_CONSTANT_CONVERSION = YES;
				CLANG_WARN_DEPRECATED_OBJC_IMPLEMENTATIONS = YES;
				CLANG_WARN_DIRECT_OBJC_ISA_USAGE = YES_ERROR;
				CLANG_WARN_DOCUMENTATION_COMMENTS = YES;
				CLANG_WARN_EMPTY_BODY = YES;
				CLANG_WARN_ENUM_CONVERSION = YES;
				CLANG_WARN_INFINITE_RECURSION = YES;
				CLANG_WARN_INT_CONVERSION = YES;
				CLANG_WARN_NON_LITERAL_NULL_CONVERSION = YES;
				CLANG_WARN_OBJC_IMPLICIT_RETAIN_SELF = YES;
				CLANG_WARN_OBJC_LITERAL_CONVERSION = YES;
				CLANG_WARN_OBJC_ROOT_CLASS = YES_ERROR;
				CLANG_WARN_RANGE_LOOP_ANALYSIS = YES;
				CLANG_WARN_STRICT_PROTOTYPES = YES;
				CLANG_WARN_SUSPICIOUS_MOVE = YES;
				CLANG_WARN_UNGUARDED_AVAILABILITY = YES_AGGRESSIVE;
				CLANG_WARN_UNREACHABLE_CODE = YES;
				CLANG_WARN__DUPLICATE_METHOD_MATCH = YES;
				CODE_SIGN_IDENTITY = "iPhone Developer";
				COPY_PHASE_STRIP = NO;
				DEBUG_INFORMATION_FORMAT = "dwarf-with-dsym";
				ENABLE_NS_ASSERTIONS = NO;
				ENABLE_STRICT_OBJC_MSGSEND = YES;
				GCC_C_LANGUAGE_STANDARD = gnu11;
				GCC_NO_COMMON_BLOCKS = YES;
				GCC_WARN_64_TO_32_BIT_CONVERSION = YES;
				GCC_WARN_ABOUT_RETURN_TYPE = YES_ERROR;
				GCC_WARN_UNDECLARED_SELECTOR = YES;
				GCC_WARN_UNINITIALIZED_AUTOS = YES_AGGRESSIVE;
				GCC_WARN_UNUSED_FUNCTION = YES;
				GCC_WARN_UNUSED_VARIABLE = YES;
				IPHONEOS_DEPLOYMENT_TARGET = 11.4;
				MTL_ENABLE_DEBUG_INFO = NO;
				SDKROOT = iphoneos;
				SWIFT_COMPILATION_MODE = wholemodule;
				SWIFT_OPTIMIZATION_LEVEL = "-O";
				VALIDATE_PRODUCT = YES;
			};
			name = Release;
		};
		8C1FD9D820ECB4C300D4588F /* Debug */ = {
			isa = XCBuildConfiguration;
			buildSettings = {
				ASSETCATALOG_COMPILER_APPICON_NAME = AppIcon;
				CODE_SIGN_STYLE = Automatic;
				DEVELOPMENT_TEAM = DZDXEU43WG;
				INFOPLIST_FILE = VideoRecorder/Info.plist;
				LD_RUNPATH_SEARCH_PATHS = (
					"$(inherited)",
					"@executable_path/Frameworks",
				);
				PRODUCT_BUNDLE_IDENTIFIER = com.atomicflavor.VideoRecorder;
				PRODUCT_NAME = "$(TARGET_NAME)";
				SWIFT_VERSION = 3.0;
				TARGETED_DEVICE_FAMILY = "1,2";
			};
			name = Debug;
		};
		8C1FD9D920ECB4C300D4588F /* Release */ = {
			isa = XCBuildConfiguration;
			buildSettings = {
				ASSETCATALOG_COMPILER_APPICON_NAME = AppIcon;
				CODE_SIGN_STYLE = Automatic;
				DEVELOPMENT_TEAM = DZDXEU43WG;
				INFOPLIST_FILE = VideoRecorder/Info.plist;
				LD_RUNPATH_SEARCH_PATHS = (
					"$(inherited)",
					"@executable_path/Frameworks",
				);
				PRODUCT_BUNDLE_IDENTIFIER = com.atomicflavor.VideoRecorder;
				PRODUCT_NAME = "$(TARGET_NAME)";
				SWIFT_VERSION = 3.0;
				TARGETED_DEVICE_FAMILY = "1,2";
			};
			name = Release;
		};
/* End XCBuildConfiguration section */

/* Begin XCConfigurationList section */
		8C1FD9C020ECB4BF00D4588F /* Build configuration list for PBXProject "VideoRecorder" */ = {
			isa = XCConfigurationList;
			buildConfigurations = (
				8C1FD9D520ECB4C300D4588F /* Debug */,
				8C1FD9D620ECB4C300D4588F /* Release */,
			);
			defaultConfigurationIsVisible = 0;
			defaultConfigurationName = Release;
		};
		8C1FD9D720ECB4C300D4588F /* Build configuration list for PBXNativeTarget "VideoRecorder" */ = {
			isa = XCConfigurationList;
			buildConfigurations = (
				8C1FD9D820ECB4C300D4588F /* Debug */,
				8C1FD9D920ECB4C300D4588F /* Release */,
			);
			defaultConfigurationIsVisible = 0;
			defaultConfigurationName = Release;
		};
/* End XCConfigurationList section */
	};
	rootObject = 8C1FD9BD20ECB4BF00D4588F /* Project object */;
}
